
Microsoft Visual Studio Solution File, Format Version 12.00
# Visual Studio Version 17
VisualStudioVersion = 17.4.33205.214
MinimumVisualStudioVersion = 10.0.40219.1
Project("{2150E333-8FDC-42A3-9474-1A3956D46DE8}") = "src", "src", "{E5063EA4-86C3-4CEB-BDBD-F57D4B22DC44}"
EndProject
Project("{2150E333-8FDC-42A3-9474-1A3956D46DE8}") = "services", "services", "{3ECB1A5B-A0FB-4F5C-89B2-0B0285C16D29}"
EndProject
Project("{2150E333-8FDC-42A3-9474-1A3956D46DE8}") = "catalog", "catalog", "{590E8D34-8967-4366-A45A-2E08126F516B}"
EndProject
Project("{FAE04EC0-301F-11D3-BF4B-00C04F79EFBC}") = "Catalog.API", "services\catalog\Catalog.API\Catalog.API.csproj", "{B472F8ED-C48B-43C7-B0B4-AEA3BB7B5B2D}"
EndProject
Global
	GlobalSection(SolutionConfigurationPlatforms) = preSolution
		Debug|Any CPU = Debug|Any CPU
		Release|Any CPU = Release|Any CPU
	EndGlobalSection
	GlobalSection(ProjectConfigurationPlatforms) = postSolution
		{B472F8ED-C48B-43C7-B0B4-AEA3BB7B5B2D}.Debug|Any CPU.ActiveCfg = Debug|Any CPU
		{B472F8ED-C48B-43C7-B0B4-AEA3BB7B5B2D}.Debug|Any CPU.Build.0 = Debug|Any CPU
		{B472F8ED-C48B-43C7-B0B4-AEA3BB7B5B2D}.Release|Any CPU.ActiveCfg = Release|Any CPU
		{B472F8ED-C48B-43C7-B0B4-AEA3BB7B5B2D}.Release|Any CPU.Build.0 = Release|Any CPU
	EndGlobalSection
	GlobalSection(SolutionProperties) = preSolution
		HideSolutionNode = FALSE
	EndGlobalSection
	GlobalSection(NestedProjects) = preSolution
		{3ECB1A5B-A0FB-4F5C-89B2-0B0285C16D29} = {E5063EA4-86C3-4CEB-BDBD-F57D4B22DC44}
		{590E8D34-8967-4366-A45A-2E08126F516B} = {3ECB1A5B-A0FB-4F5C-89B2-0B0285C16D29}
		{B472F8ED-C48B-43C7-B0B4-AEA3BB7B5B2D} = {590E8D34-8967-4366-A45A-2E08126F516B}
	EndGlobalSection
	GlobalSection(ExtensibilityGlobals) = postSolution
		SolutionGuid = {E02B0E82-518B-4F24-86B8-8BE3A4E06606}
	EndGlobalSection
EndGlobal
